
Microsoft Visual Studio Solution File, Format Version 12.00
# Visual Studio Version 16
VisualStudioVersion = 16.0.30114.105
MinimumVisualStudioVersion = 10.0.40219.1
Project("{FAE04EC0-301F-11D3-BF4B-00C04F79EFBC}") = "OutingsRepo", "OutingsRepository\OutingsRepo.csproj", "{A7B6B5A7-A070-4EDA-9F36-B9A046B27155}"
EndProject
Project("{FAE04EC0-301F-11D3-BF4B-00C04F79EFBC}") = "OutingsUI", "ProgramUI\OutingsUI.csproj", "{324C2555-F962-45D6-A8F7-40035BD43DFD}"
EndProject
Project("{FAE04EC0-301F-11D3-BF4B-00C04F79EFBC}") = "OutingsRepository", "KomodoOutingsRepo\OutingsRepository.csproj", "{14BCFD63-2146-4A01-B815-CF39A79EB348}"
EndProject
Global
	GlobalSection(SolutionConfigurationPlatforms) = preSolution
		Debug|Any CPU = Debug|Any CPU
		Release|Any CPU = Release|Any CPU
	EndGlobalSection
	GlobalSection(SolutionProperties) = preSolution
		HideSolutionNode = FALSE
	EndGlobalSection
	GlobalSection(ProjectConfigurationPlatforms) = postSolution
		{A7B6B5A7-A070-4EDA-9F36-B9A046B27155}.Debug|Any CPU.ActiveCfg = Debug|Any CPU
		{A7B6B5A7-A070-4EDA-9F36-B9A046B27155}.Debug|Any CPU.Build.0 = Debug|Any CPU
		{A7B6B5A7-A070-4EDA-9F36-B9A046B27155}.Release|Any CPU.ActiveCfg = Release|Any CPU
		{A7B6B5A7-A070-4EDA-9F36-B9A046B27155}.Release|Any CPU.Build.0 = Release|Any CPU
		{324C2555-F962-45D6-A8F7-40035BD43DFD}.Debug|Any CPU.ActiveCfg = Debug|Any CPU
		{324C2555-F962-45D6-A8F7-40035BD43DFD}.Debug|Any CPU.Build.0 = Debug|Any CPU
		{324C2555-F962-45D6-A8F7-40035BD43DFD}.Release|Any CPU.ActiveCfg = Release|Any CPU
		{324C2555-F962-45D6-A8F7-40035BD43DFD}.Release|Any CPU.Build.0 = Release|Any CPU
		{14BCFD63-2146-4A01-B815-CF39A79EB348}.Debug|Any CPU.ActiveCfg = Debug|Any CPU
		{14BCFD63-2146-4A01-B815-CF39A79EB348}.Debug|Any CPU.Build.0 = Debug|Any CPU
		{14BCFD63-2146-4A01-B815-CF39A79EB348}.Release|Any CPU.ActiveCfg = Release|Any CPU
		{14BCFD63-2146-4A01-B815-CF39A79EB348}.Release|Any CPU.Build.0 = Release|Any CPU
	EndGlobalSection
EndGlobal
