
Microsoft Visual Studio Solution File, Format Version 12.00
# Visual Studio Version 16
VisualStudioVersion = 16.0.30114.105
MinimumVisualStudioVersion = 10.0.40219.1
Project("{FAE04EC0-301F-11D3-BF4B-00C04F79EFBC}") = "KomodoCafeRepo", "KomodoCafeRepository\KomodoCafeRepo.csproj", "{CB47AD18-A0F9-4F7F-A372-0F95102B7EF0}"
EndProject
Project("{FAE04EC0-301F-11D3-BF4B-00C04F79EFBC}") = "ProgramUI", "KomodoCafeUI\ProgramUI.csproj", "{2649E971-C1A3-4BB2-AA28-B1FB9A21E5CD}"
EndProject
Project("{FAE04EC0-301F-11D3-BF4B-00C04F79EFBC}") = "KomodoClassLibrary", "KomodoClassLib\KomodoClassLibrary.csproj", "{1394396D-18CE-44C0-BC12-04EFE741898E}"
EndProject
Global
	GlobalSection(SolutionConfigurationPlatforms) = preSolution
		Debug|Any CPU = Debug|Any CPU
		Release|Any CPU = Release|Any CPU
	EndGlobalSection
	GlobalSection(SolutionProperties) = preSolution
		HideSolutionNode = FALSE
	EndGlobalSection
	GlobalSection(ProjectConfigurationPlatforms) = postSolution
		{CB47AD18-A0F9-4F7F-A372-0F95102B7EF0}.Debug|Any CPU.ActiveCfg = Debug|Any CPU
		{CB47AD18-A0F9-4F7F-A372-0F95102B7EF0}.Debug|Any CPU.Build.0 = Debug|Any CPU
		{CB47AD18-A0F9-4F7F-A372-0F95102B7EF0}.Release|Any CPU.ActiveCfg = Release|Any CPU
		{CB47AD18-A0F9-4F7F-A372-0F95102B7EF0}.Release|Any CPU.Build.0 = Release|Any CPU
		{2649E971-C1A3-4BB2-AA28-B1FB9A21E5CD}.Debug|Any CPU.ActiveCfg = Debug|Any CPU
		{2649E971-C1A3-4BB2-AA28-B1FB9A21E5CD}.Debug|Any CPU.Build.0 = Debug|Any CPU
		{2649E971-C1A3-4BB2-AA28-B1FB9A21E5CD}.Release|Any CPU.ActiveCfg = Release|Any CPU
		{2649E971-C1A3-4BB2-AA28-B1FB9A21E5CD}.Release|Any CPU.Build.0 = Release|Any CPU
		{1394396D-18CE-44C0-BC12-04EFE741898E}.Debug|Any CPU.ActiveCfg = Debug|Any CPU
		{1394396D-18CE-44C0-BC12-04EFE741898E}.Debug|Any CPU.Build.0 = Debug|Any CPU
		{1394396D-18CE-44C0-BC12-04EFE741898E}.Release|Any CPU.ActiveCfg = Release|Any CPU
		{1394396D-18CE-44C0-BC12-04EFE741898E}.Release|Any CPU.Build.0 = Release|Any CPU
	EndGlobalSection
EndGlobal
